{
  "name": "rit-graphics",
  "version": "1.0.0",
  "lockfileVersion": 2,
  "requires": true,
  "packages": {
    "": {
      "name": "rit-graphics",
      "version": "1.0.0",
      "license": "GPL-3.0",
      "dependencies": {
        "html-to-image": "^0.1.3"
      }
    },
    "node_modules/html-to-image": {
      "version": "0.1.3",
      "resolved": "https://registry.npmjs.org/html-to-image/-/html-to-image-0.1.3.tgz",
      "integrity": "sha512-8JTGEAAdJGL/nlp3wb/WI8fLMx2dHKOFZMdsvdon23D45ZdtsXDeRm39Wddf04ludQe3OPmvjMJ9nPjI/7hPlg=="
    }
  },
  "dependencies": {
    "html-to-image": {
      "version": "0.1.3",
      "resolved": "https://registry.npmjs.org/html-to-image/-/html-to-image-0.1.3.tgz",
      "integrity": "sha512-8JTGEAAdJGL/nlp3wb/WI8fLMx2dHKOFZMdsvdon23D45ZdtsXDeRm39Wddf04ludQe3OPmvjMJ9nPjI/7hPlg=="
    }
  }
}
